
Microsoft Visual Studio Solution File, Format Version 12.00
# Visual Studio Version 17
VisualStudioVersion = 17.10.34607.79
MinimumVisualStudioVersion = 10.0.40219.1
Project("{9A19103F-16F7-4668-BE54-9A1E7A4F7556}") = "Blog", "Blog.csproj", "{D555C1CC-C8A1-4012-8AA0-4DDD9655014A}"
EndProject
Global
	GlobalSection(SolutionConfigurationPlatforms) = preSolution
		Debug|Any CPU = Debug|Any CPU
		Release|Any CPU = Release|Any CPU
	EndGlobalSection
	GlobalSection(ProjectConfigurationPlatforms) = postSolution
		{D555C1CC-C8A1-4012-8AA0-4DDD9655014A}.Debug|Any CPU.ActiveCfg = Debug|Any CPU
		{D555C1CC-C8A1-4012-8AA0-4DDD9655014A}.Debug|Any CPU.Build.0 = Debug|Any CPU
		{D555C1CC-C8A1-4012-8AA0-4DDD9655014A}.Release|Any CPU.ActiveCfg = Release|Any CPU
		{D555C1CC-C8A1-4012-8AA0-4DDD9655014A}.Release|Any CPU.Build.0 = Release|Any CPU
	EndGlobalSection
	GlobalSection(SolutionProperties) = preSolution
		HideSolutionNode = FALSE
	EndGlobalSection
	GlobalSection(ExtensibilityGlobals) = postSolution
		SolutionGuid = {CEDF3600-A21A-4FC3-8669-814CA46566BB}
	EndGlobalSection
EndGlobal
